
Microsoft Visual Studio Solution File, Format Version 12.00
# Visual Studio Version 16
VisualStudioVersion = 16.0.30907.101
MinimumVisualStudioVersion = 10.0.40219.1
Project("{FAE04EC0-301F-11D3-BF4B-00C04F79EFBC}") = "BodyMassIndexCalculatorFrontEndDesktop", "BodyMassIndexCalculatorFrontEndDesktop\BodyMassIndexCalculatorFrontEndDesktop.csproj", "{AAF85556-9154-474C-96C8-43BBD4F81097}"
EndProject
Global
	GlobalSection(SolutionConfigurationPlatforms) = preSolution
		Debug|Any CPU = Debug|Any CPU
		Release|Any CPU = Release|Any CPU
	EndGlobalSection
	GlobalSection(ProjectConfigurationPlatforms) = postSolution
		{AAF85556-9154-474C-96C8-43BBD4F81097}.Debug|Any CPU.ActiveCfg = Debug|Any CPU
		{AAF85556-9154-474C-96C8-43BBD4F81097}.Debug|Any CPU.Build.0 = Debug|Any CPU
		{AAF85556-9154-474C-96C8-43BBD4F81097}.Release|Any CPU.ActiveCfg = Release|Any CPU
		{AAF85556-9154-474C-96C8-43BBD4F81097}.Release|Any CPU.Build.0 = Release|Any CPU
	EndGlobalSection
	GlobalSection(SolutionProperties) = preSolution
		HideSolutionNode = FALSE
	EndGlobalSection
	GlobalSection(ExtensibilityGlobals) = postSolution
		SolutionGuid = {1F8E622D-B50F-4477-947A-51F9CA276984}
	EndGlobalSection
EndGlobal
